{
  "name": "trading",
  "version": "1.0.0",
  "lockfileVersion": 1,
  "requires": true,
  "dependencies": {
    "csvtoarray": {
      "version": "1.1.0",
      "resolved": "https://registry.npmjs.org/csvtoarray/-/csvtoarray-1.1.0.tgz",
      "integrity": "sha1-Ij7EmS8JgZKqxaZU650Ihieu2Bo="
    }
  }
}
